// !$*UTF8*$!
{
	archiveVersion = 1;
	classes = {
	};
	objectVersion = 55;
	objects = {

/* Begin PBXBuildFile section */
		040E001C2827E8F600524A57 /* FlooApp.swift in Sources */ = {isa = PBXBuildFile; fileRef = 040E001B2827E8F600524A57 /* FlooApp.swift */; };
		040E001E2827E8F600524A57 /* ContentView.swift in Sources */ = {isa = PBXBuildFile; fileRef = 040E001D2827E8F600524A57 /* ContentView.swift */; };
		040E00202827E8F800524A57 /* Assets.xcassets in Resources */ = {isa = PBXBuildFile; fileRef = 040E001F2827E8F800524A57 /* Assets.xcassets */; };
		040E00232827E8F800524A57 /* Preview Assets.xcassets in Resources */ = {isa = PBXBuildFile; fileRef = 040E00222827E8F800524A57 /* Preview Assets.xcassets */; };
		040E002D2827F9AE00524A57 /* RecipeDetailView.swift in Sources */ = {isa = PBXBuildFile; fileRef = 040E002C2827F9AE00524A57 /* RecipeDetailView.swift */; };
		040E002F282806BE00524A57 /* MyRecipesView.swift in Sources */ = {isa = PBXBuildFile; fileRef = 040E002E282806BE00524A57 /* MyRecipesView.swift */; };
		040E003128280C0700524A57 /* ProfileView.swift in Sources */ = {isa = PBXBuildFile; fileRef = 040E003028280C0700524A57 /* ProfileView.swift */; };
		040E003328280C1900524A57 /* AddRecipeView.swift in Sources */ = {isa = PBXBuildFile; fileRef = 040E003228280C1900524A57 /* AddRecipeView.swift */; };
		040E0038282E915200524A57 /* RecipeAll.swift in Sources */ = {isa = PBXBuildFile; fileRef = 040E0037282E915200524A57 /* RecipeAll.swift */; };
		3E327E9628332C9F008FB912 /* MyRecipesCard.swift in Sources */ = {isa = PBXBuildFile; fileRef = 3E327E9528332C9F008FB912 /* MyRecipesCard.swift */; };
		3E327EA628334358008FB912 /* Inter-Regular.ttf in Resources */ = {isa = PBXBuildFile; fileRef = 3E327E9D28334358008FB912 /* Inter-Regular.ttf */; };
		3E327EA728334358008FB912 /* Inter-Medium.ttf in Resources */ = {isa = PBXBuildFile; fileRef = 3E327E9E28334358008FB912 /* Inter-Medium.ttf */; };
		3E327EA828334358008FB912 /* Inter-Bold.ttf in Resources */ = {isa = PBXBuildFile; fileRef = 3E327E9F28334358008FB912 /* Inter-Bold.ttf */; };
		3E327EA928334358008FB912 /* Inter-Light.ttf in Resources */ = {isa = PBXBuildFile; fileRef = 3E327EA028334358008FB912 /* Inter-Light.ttf */; };
		3E327EAA28334358008FB912 /* Inter-ExtraLight.ttf in Resources */ = {isa = PBXBuildFile; fileRef = 3E327EA128334358008FB912 /* Inter-ExtraLight.ttf */; };
		3E327EAB28334358008FB912 /* Inter-SemiBold.ttf in Resources */ = {isa = PBXBuildFile; fileRef = 3E327EA228334358008FB912 /* Inter-SemiBold.ttf */; };
		3E327EAC28334358008FB912 /* Inter-Black.ttf in Resources */ = {isa = PBXBuildFile; fileRef = 3E327EA328334358008FB912 /* Inter-Black.ttf */; };
		3E327EAD28334358008FB912 /* Inter-Thin.ttf in Resources */ = {isa = PBXBuildFile; fileRef = 3E327EA428334358008FB912 /* Inter-Thin.ttf */; };
		3E327EAE28334358008FB912 /* Inter-ExtraBold.ttf in Resources */ = {isa = PBXBuildFile; fileRef = 3E327EA528334358008FB912 /* Inter-ExtraBold.ttf */; };
		3E3D7F9E2842539700FF6877 /* ExploreViewmodel.swift in Sources */ = {isa = PBXBuildFile; fileRef = 3E3D7F9D2842539700FF6877 /* ExploreViewmodel.swift */; };
		3E3D7FA0284253B700FF6877 /* MyRecipesViewmodel.swift in Sources */ = {isa = PBXBuildFile; fileRef = 3E3D7F9F284253B700FF6877 /* MyRecipesViewmodel.swift */; };
		3E3D7FA22842574A00FF6877 /* ExploreList.swift in Sources */ = {isa = PBXBuildFile; fileRef = 3E3D7FA12842574A00FF6877 /* ExploreList.swift */; };
		3E3D7FA6284267A500FF6877 /* RecipeDetailViewmodel.swift in Sources */ = {isa = PBXBuildFile; fileRef = 3E3D7FA5284267A500FF6877 /* RecipeDetailViewmodel.swift */; };
		3E3D7FA82842A73F00FF6877 /* Chef.swift in Sources */ = {isa = PBXBuildFile; fileRef = 3E3D7FA72842A73F00FF6877 /* Chef.swift */; };
		3E43A7E328452A8A00BD4B4E /* Recipe.swift in Sources */ = {isa = PBXBuildFile; fileRef = 3E43A7E228452A8A00BD4B4E /* Recipe.swift */; };
		3E47725C283BCCCF00F8E02E /* ExploreCard.swift in Sources */ = {isa = PBXBuildFile; fileRef = 3E47725B283BCCCF00F8E02E /* ExploreCard.swift */; };
		3EE2EC2B283E5FF600589391 /* ProfileRecipeCard.swift in Sources */ = {isa = PBXBuildFile; fileRef = 3EE2EC2A283E5FF600589391 /* ProfileRecipeCard.swift */; };
/* End PBXBuildFile section */

/* Begin PBXFileReference section */
		040E00182827E8F600524A57 /* Floo.app */ = {isa = PBXFileReference; explicitFileType = wrapper.application; includeInIndex = 0; path = Floo.app; sourceTree = BUILT_PRODUCTS_DIR; };
		040E001B2827E8F600524A57 /* FlooApp.swift */ = {isa = PBXFileReference; lastKnownFileType = sourcecode.swift; path = FlooApp.swift; sourceTree = "<group>"; };
		040E001D2827E8F600524A57 /* ContentView.swift */ = {isa = PBXFileReference; lastKnownFileType = sourcecode.swift; path = ContentView.swift; sourceTree = "<group>"; };
		040E001F2827E8F800524A57 /* Assets.xcassets */ = {isa = PBXFileReference; lastKnownFileType = folder.assetcatalog; path = Assets.xcassets; sourceTree = "<group>"; };
		040E00222827E8F800524A57 /* Preview Assets.xcassets */ = {isa = PBXFileReference; lastKnownFileType = folder.assetcatalog; path = "Preview Assets.xcassets"; sourceTree = "<group>"; };
		040E002C2827F9AE00524A57 /* RecipeDetailView.swift */ = {isa = PBXFileReference; lastKnownFileType = sourcecode.swift; path = RecipeDetailView.swift; sourceTree = "<group>"; };
		040E002E282806BE00524A57 /* MyRecipesView.swift */ = {isa = PBXFileReference; lastKnownFileType = sourcecode.swift; path = MyRecipesView.swift; sourceTree = "<group>"; };
		040E003028280C0700524A57 /* ProfileView.swift */ = {isa = PBXFileReference; lastKnownFileType = sourcecode.swift; path = ProfileView.swift; sourceTree = "<group>"; };
		040E003228280C1900524A57 /* AddRecipeView.swift */ = {isa = PBXFileReference; lastKnownFileType = sourcecode.swift; path = AddRecipeView.swift; sourceTree = "<group>"; };
		040E0037282E915200524A57 /* RecipeAll.swift */ = {isa = PBXFileReference; lastKnownFileType = sourcecode.swift; path = RecipeAll.swift; sourceTree = "<group>"; };
		3E327E9528332C9F008FB912 /* MyRecipesCard.swift */ = {isa = PBXFileReference; lastKnownFileType = sourcecode.swift; path = MyRecipesCard.swift; sourceTree = "<group>"; tabWidth = 4; usesTabs = 0; };
		3E327E9A283340D0008FB912 /* Info.plist */ = {isa = PBXFileReference; lastKnownFileType = text.plist; path = Info.plist; sourceTree = "<group>"; };
		3E327E9D28334358008FB912 /* Inter-Regular.ttf */ = {isa = PBXFileReference; lastKnownFileType = file; path = "Inter-Regular.ttf"; sourceTree = "<group>"; };
		3E327E9E28334358008FB912 /* Inter-Medium.ttf */ = {isa = PBXFileReference; lastKnownFileType = file; path = "Inter-Medium.ttf"; sourceTree = "<group>"; };
		3E327E9F28334358008FB912 /* Inter-Bold.ttf */ = {isa = PBXFileReference; lastKnownFileType = file; path = "Inter-Bold.ttf"; sourceTree = "<group>"; };
		3E327EA028334358008FB912 /* Inter-Light.ttf */ = {isa = PBXFileReference; lastKnownFileType = file; path = "Inter-Light.ttf"; sourceTree = "<group>"; };
		3E327EA128334358008FB912 /* Inter-ExtraLight.ttf */ = {isa = PBXFileReference; lastKnownFileType = file; path = "Inter-ExtraLight.ttf"; sourceTree = "<group>"; };
		3E327EA228334358008FB912 /* Inter-SemiBold.ttf */ = {isa = PBXFileReference; lastKnownFileType = file; path = "Inter-SemiBold.ttf"; sourceTree = "<group>"; };
		3E327EA328334358008FB912 /* Inter-Black.ttf */ = {isa = PBXFileReference; lastKnownFileType = file; path = "Inter-Black.ttf"; sourceTree = "<group>"; };
		3E327EA428334358008FB912 /* Inter-Thin.ttf */ = {isa = PBXFileReference; lastKnownFileType = file; path = "Inter-Thin.ttf"; sourceTree = "<group>"; };
		3E327EA528334358008FB912 /* Inter-ExtraBold.ttf */ = {isa = PBXFileReference; lastKnownFileType = file; path = "Inter-ExtraBold.ttf"; sourceTree = "<group>"; };
		3E3D7F9D2842539700FF6877 /* ExploreViewmodel.swift */ = {isa = PBXFileReference; lastKnownFileType = sourcecode.swift; path = ExploreViewmodel.swift; sourceTree = "<group>"; };
		3E3D7F9F284253B700FF6877 /* MyRecipesViewmodel.swift */ = {isa = PBXFileReference; lastKnownFileType = sourcecode.swift; path = MyRecipesViewmodel.swift; sourceTree = "<group>"; };
		3E3D7FA12842574A00FF6877 /* ExploreList.swift */ = {isa = PBXFileReference; lastKnownFileType = sourcecode.swift; path = ExploreList.swift; sourceTree = "<group>"; };
		3E3D7FA5284267A500FF6877 /* RecipeDetailViewmodel.swift */ = {isa = PBXFileReference; lastKnownFileType = sourcecode.swift; path = RecipeDetailViewmodel.swift; sourceTree = "<group>"; };
		3E3D7FA72842A73F00FF6877 /* Chef.swift */ = {isa = PBXFileReference; lastKnownFileType = sourcecode.swift; path = Chef.swift; sourceTree = "<group>"; };
		3E43A7E228452A8A00BD4B4E /* Recipe.swift */ = {isa = PBXFileReference; lastKnownFileType = sourcecode.swift; path = Recipe.swift; sourceTree = "<group>"; };
		3E47725B283BCCCF00F8E02E /* ExploreCard.swift */ = {isa = PBXFileReference; lastKnownFileType = sourcecode.swift; path = ExploreCard.swift; sourceTree = "<group>"; };
		3EE2EC2A283E5FF600589391 /* ProfileRecipeCard.swift */ = {isa = PBXFileReference; lastKnownFileType = sourcecode.swift; path = ProfileRecipeCard.swift; sourceTree = "<group>"; };
/* End PBXFileReference section */

/* Begin PBXFrameworksBuildPhase section */
		040E00152827E8F600524A57 /* Frameworks */ = {
			isa = PBXFrameworksBuildPhase;
			buildActionMask = 2147483647;
			files = (
			);
			runOnlyForDeploymentPostprocessing = 0;
		};
/* End PBXFrameworksBuildPhase section */

/* Begin PBXGroup section */
		040E000F2827E8F600524A57 = {
			isa = PBXGroup;
			children = (
				040E001A2827E8F600524A57 /* Floo */,
				040E00192827E8F600524A57 /* Products */,
			);
			sourceTree = "<group>";
		};
		040E00192827E8F600524A57 /* Products */ = {
			isa = PBXGroup;
			children = (
				040E00182827E8F600524A57 /* Floo.app */,
			);
			name = Products;
			sourceTree = "<group>";
		};
		040E001A2827E8F600524A57 /* Floo */ = {
			isa = PBXGroup;
			children = (
				3E327E9A283340D0008FB912 /* Info.plist */,
				3E327E9728333FC4008FB912 /* Font */,
				040E0036282E914400524A57 /* Model */,
				040E002B2827F39900524A57 /* Views */,
				040E001B2827E8F600524A57 /* FlooApp.swift */,
				040E001D2827E8F600524A57 /* ContentView.swift */,
				040E001F2827E8F800524A57 /* Assets.xcassets */,
				040E00212827E8F800524A57 /* Preview Content */,
			);
			path = Floo;
			sourceTree = "<group>";
		};
		040E00212827E8F800524A57 /* Preview Content */ = {
			isa = PBXGroup;
			children = (
				040E00222827E8F800524A57 /* Preview Assets.xcassets */,
			);
			path = "Preview Content";
			sourceTree = "<group>";
		};
		040E002B2827F39900524A57 /* Views */ = {
			isa = PBXGroup;
			children = (
				3E3D7FA42842677A00FF6877 /* RecipeDetail */,
				3EB01F60283F708600DB2AEB /* Profile */,
				3EB01F5F283F707F00DB2AEB /* Explore */,
				3EB01F5E283F707300DB2AEB /* MyRecipes */,
				040E003228280C1900524A57 /* AddRecipeView.swift */,
			);
			path = Views;
			sourceTree = "<group>";
		};
		040E0036282E914400524A57 /* Model */ = {
			isa = PBXGroup;
			children = (
				040E0037282E915200524A57 /* RecipeAll.swift */,
				3E43A7E228452A8A00BD4B4E /* Recipe.swift */,
				3E3D7FA72842A73F00FF6877 /* Chef.swift */,
			);
			path = Model;
			sourceTree = "<group>";
		};
		3E327E9728333FC4008FB912 /* Font */ = {
			isa = PBXGroup;
			children = (
				3E327EA428334358008FB912 /* Inter-Thin.ttf */,
				3E327EA328334358008FB912 /* Inter-Black.ttf */,
				3E327E9F28334358008FB912 /* Inter-Bold.ttf */,
				3E327EA528334358008FB912 /* Inter-ExtraBold.ttf */,
				3E327EA128334358008FB912 /* Inter-ExtraLight.ttf */,
				3E327EA028334358008FB912 /* Inter-Light.ttf */,
				3E327E9E28334358008FB912 /* Inter-Medium.ttf */,
				3E327E9D28334358008FB912 /* Inter-Regular.ttf */,
				3E327EA228334358008FB912 /* Inter-SemiBold.ttf */,
			);
			path = Font;
			sourceTree = "<group>";
		};
		3E3D7FA42842677A00FF6877 /* RecipeDetail */ = {
			isa = PBXGroup;
			children = (
				040E002C2827F9AE00524A57 /* RecipeDetailView.swift */,
				3E3D7FA5284267A500FF6877 /* RecipeDetailViewmodel.swift */,
			);
			path = RecipeDetail;
			sourceTree = "<group>";
		};
		3EB01F5E283F707300DB2AEB /* MyRecipes */ = {
			isa = PBXGroup;
			children = (
				3E327E9528332C9F008FB912 /* MyRecipesCard.swift */,
				040E002E282806BE00524A57 /* MyRecipesView.swift */,
				3E3D7F9F284253B700FF6877 /* MyRecipesViewmodel.swift */,
			);
			path = MyRecipes;
			sourceTree = "<group>";
		};
		3EB01F5F283F707F00DB2AEB /* Explore */ = {
			isa = PBXGroup;
			children = (
				3E47725B283BCCCF00F8E02E /* ExploreCard.swift */,
				3E3D7F9D2842539700FF6877 /* ExploreViewmodel.swift */,
				3E3D7FA12842574A00FF6877 /* ExploreList.swift */,
			);
			path = Explore;
			sourceTree = "<group>";
		};
		3EB01F60283F708600DB2AEB /* Profile */ = {
			isa = PBXGroup;
			children = (
				3EE2EC2A283E5FF600589391 /* ProfileRecipeCard.swift */,
				040E003028280C0700524A57 /* ProfileView.swift */,
			);
			path = Profile;
			sourceTree = "<group>";
		};
/* End PBXGroup section */

/* Begin PBXNativeTarget section */
		040E00172827E8F600524A57 /* Floo */ = {
			isa = PBXNativeTarget;
			buildConfigurationList = 040E00262827E8F800524A57 /* Build configuration list for PBXNativeTarget "Floo" */;
			buildPhases = (
				040E00142827E8F600524A57 /* Sources */,
				040E00152827E8F600524A57 /* Frameworks */,
				040E00162827E8F600524A57 /* Resources */,
			);
			buildRules = (
			);
			dependencies = (
			);
			name = Floo;
			productName = Floo;
			productReference = 040E00182827E8F600524A57 /* Floo.app */;
			productType = "com.apple.product-type.application";
		};
/* End PBXNativeTarget section */

/* Begin PBXProject section */
		040E00102827E8F600524A57 /* Project object */ = {
			isa = PBXProject;
			attributes = {
				BuildIndependentTargetsInParallel = 1;
				LastSwiftUpdateCheck = 1320;
				LastUpgradeCheck = 1320;
				TargetAttributes = {
					040E00172827E8F600524A57 = {
						CreatedOnToolsVersion = 13.2.1;
					};
				};
			};
			buildConfigurationList = 040E00132827E8F600524A57 /* Build configuration list for PBXProject "Floo" */;
			compatibilityVersion = "Xcode 13.0";
			developmentRegion = en;
			hasScannedForEncodings = 0;
			knownRegions = (
				en,
				Base,
			);
			mainGroup = 040E000F2827E8F600524A57;
			productRefGroup = 040E00192827E8F600524A57 /* Products */;
			projectDirPath = "";
			projectRoot = "";
			targets = (
				040E00172827E8F600524A57 /* Floo */,
			);
		};
/* End PBXProject section */

/* Begin PBXResourcesBuildPhase section */
		040E00162827E8F600524A57 /* Resources */ = {
			isa = PBXResourcesBuildPhase;
			buildActionMask = 2147483647;
			files = (
				3E327EA728334358008FB912 /* Inter-Medium.ttf in Resources */,
				3E327EAE28334358008FB912 /* Inter-ExtraBold.ttf in Resources */,
				3E327EAC28334358008FB912 /* Inter-Black.ttf in Resources */,
				3E327EA828334358008FB912 /* Inter-Bold.ttf in Resources */,
				040E00232827E8F800524A57 /* Preview Assets.xcassets in Resources */,
				3E327EAA28334358008FB912 /* Inter-ExtraLight.ttf in Resources */,
				3E327EAB28334358008FB912 /* Inter-SemiBold.ttf in Resources */,
				3E327EA628334358008FB912 /* Inter-Regular.ttf in Resources */,
				3E327EA928334358008FB912 /* Inter-Light.ttf in Resources */,
				3E327EAD28334358008FB912 /* Inter-Thin.ttf in Resources */,
				040E00202827E8F800524A57 /* Assets.xcassets in Resources */,
			);
			runOnlyForDeploymentPostprocessing = 0;
		};
/* End PBXResourcesBuildPhase section */

/* Begin PBXSourcesBuildPhase section */
		040E00142827E8F600524A57 /* Sources */ = {
			isa = PBXSourcesBuildPhase;
			buildActionMask = 2147483647;
			files = (
				3E3D7F9E2842539700FF6877 /* ExploreViewmodel.swift in Sources */,
				3E3D7FA6284267A500FF6877 /* RecipeDetailViewmodel.swift in Sources */,
				040E003328280C1900524A57 /* AddRecipeView.swift in Sources */,
				3E327E9628332C9F008FB912 /* MyRecipesCard.swift in Sources */,
				040E001E2827E8F600524A57 /* ContentView.swift in Sources */,
				040E0038282E915200524A57 /* RecipeAll.swift in Sources */,
				3EE2EC2B283E5FF600589391 /* ProfileRecipeCard.swift in Sources */,
				040E001C2827E8F600524A57 /* FlooApp.swift in Sources */,
				3E3D7FA22842574A00FF6877 /* ExploreList.swift in Sources */,
				3E3D7FA0284253B700FF6877 /* MyRecipesViewmodel.swift in Sources */,
				040E002F282806BE00524A57 /* MyRecipesView.swift in Sources */,
				040E003128280C0700524A57 /* ProfileView.swift in Sources */,
				3E47725C283BCCCF00F8E02E /* ExploreCard.swift in Sources */,
				3E3D7FA82842A73F00FF6877 /* Chef.swift in Sources */,
				040E002D2827F9AE00524A57 /* RecipeDetailView.swift in Sources */,
				3E43A7E328452A8A00BD4B4E /* Recipe.swift in Sources */,
			);
			runOnlyForDeploymentPostprocessing = 0;
		};
/* End PBXSourcesBuildPhase section */

/* Begin XCBuildConfiguration section */
		040E00242827E8F800524A57 /* Debug */ = {
			isa = XCBuildConfiguration;
			buildSettings = {
				ALWAYS_SEARCH_USER_PATHS = NO;
				CLANG_ANALYZER_NONNULL = YES;
				CLANG_ANALYZER_NUMBER_OBJECT_CONVERSION = YES_AGGRESSIVE;
				CLANG_CXX_LANGUAGE_STANDARD = "gnu++17";
				CLANG_CXX_LIBRARY = "libc++";
				CLANG_ENABLE_MODULES = YES;
				CLANG_ENABLE_OBJC_ARC = YES;
				CLANG_ENABLE_OBJC_WEAK = YES;
				CLANG_WARN_BLOCK_CAPTURE_AUTORELEASING = YES;
				CLANG_WARN_BOOL_CONVERSION = YES;
				CLANG_WARN_COMMA = YES;
				CLANG_WARN_CONSTANT_CONVERSION = YES;
				CLANG_WARN_DEPRECATED_OBJC_IMPLEMENTATIONS = YES;
				CLANG_WARN_DIRECT_OBJC_ISA_USAGE = YES_ERROR;
				CLANG_WARN_DOCUMENTATION_COMMENTS = YES;
				CLANG_WARN_EMPTY_BODY = YES;
				CLANG_WARN_ENUM_CONVERSION = YES;
				CLANG_WARN_INFINITE_RECURSION = YES;
				CLANG_WARN_INT_CONVERSION = YES;
				CLANG_WARN_NON_LITERAL_NULL_CONVERSION = YES;
				CLANG_WARN_OBJC_IMPLICIT_RETAIN_SELF = YES;
				CLANG_WARN_OBJC_LITERAL_CONVERSION = YES;
				CLANG_WARN_OBJC_ROOT_CLASS = YES_ERROR;
				CLANG_WARN_QUOTED_INCLUDE_IN_FRAMEWORK_HEADER = YES;
				CLANG_WARN_RANGE_LOOP_ANALYSIS = YES;
				CLANG_WARN_STRICT_PROTOTYPES = YES;
				CLANG_WARN_SUSPICIOUS_MOVE = YES;
				CLANG_WARN_UNGUARDED_AVAILABILITY = YES_AGGRESSIVE;
				CLANG_WARN_UNREACHABLE_CODE = YES;
				CLANG_WARN__DUPLICATE_METHOD_MATCH = YES;
				COPY_PHASE_STRIP = NO;
				DEBUG_INFORMATION_FORMAT = dwarf;
				ENABLE_STRICT_OBJC_MSGSEND = YES;
				ENABLE_TESTABILITY = YES;
				GCC_C_LANGUAGE_STANDARD = gnu11;
				GCC_DYNAMIC_NO_PIC = NO;
				GCC_NO_COMMON_BLOCKS = YES;
				GCC_OPTIMIZATION_LEVEL = 0;
				GCC_PREPROCESSOR_DEFINITIONS = (
					"DEBUG=1",
					"$(inherited)",
				);
				GCC_WARN_64_TO_32_BIT_CONVERSION = YES;
				GCC_WARN_ABOUT_RETURN_TYPE = YES_ERROR;
				GCC_WARN_UNDECLARED_SELECTOR = YES;
				GCC_WARN_UNINITIALIZED_AUTOS = YES_AGGRESSIVE;
				GCC_WARN_UNUSED_FUNCTION = YES;
				GCC_WARN_UNUSED_VARIABLE = YES;
				IPHONEOS_DEPLOYMENT_TARGET = 15.2;
				MTL_ENABLE_DEBUG_INFO = INCLUDE_SOURCE;
				MTL_FAST_MATH = YES;
				ONLY_ACTIVE_ARCH = YES;
				SDKROOT = iphoneos;
				SWIFT_ACTIVE_COMPILATION_CONDITIONS = DEBUG;
				SWIFT_OPTIMIZATION_LEVEL = "-Onone";
			};
			name = Debug;
		};
		040E00252827E8F800524A57 /* Release */ = {
			isa = XCBuildConfiguration;
			buildSettings = {
				ALWAYS_SEARCH_USER_PATHS = NO;
				CLANG_ANALYZER_NONNULL = YES;
				CLANG_ANALYZER_NUMBER_OBJECT_CONVERSION = YES_AGGRESSIVE;
				CLANG_CXX_LANGUAGE_STANDARD = "gnu++17";
				CLANG_CXX_LIBRARY = "libc++";
				CLANG_ENABLE_MODULES = YES;
				CLANG_ENABLE_OBJC_ARC = YES;
				CLANG_ENABLE_OBJC_WEAK = YES;
				CLANG_WARN_BLOCK_CAPTURE_AUTORELEASING = YES;
				CLANG_WARN_BOOL_CONVERSION = YES;
				CLANG_WARN_COMMA = YES;
				CLANG_WARN_CONSTANT_CONVERSION = YES;
				CLANG_WARN_DEPRECATED_OBJC_IMPLEMENTATIONS = YES;
				CLANG_WARN_DIRECT_OBJC_ISA_USAGE = YES_ERROR;
				CLANG_WARN_DOCUMENTATION_COMMENTS = YES;
				CLANG_WARN_EMPTY_BODY = YES;
				CLANG_WARN_ENUM_CONVERSION = YES;
				CLANG_WARN_INFINITE_RECURSION = YES;
				CLANG_WARN_INT_CONVERSION = YES;
				CLANG_WARN_NON_LITERAL_NULL_CONVERSION = YES;
				CLANG_WARN_OBJC_IMPLICIT_RETAIN_SELF = YES;
				CLANG_WARN_OBJC_LITERAL_CONVERSION = YES;
				CLANG_WARN_OBJC_ROOT_CLASS = YES_ERROR;
				CLANG_WARN_QUOTED_INCLUDE_IN_FRAMEWORK_HEADER = YES;
				CLANG_WARN_RANGE_LOOP_ANALYSIS = YES;
				CLANG_WARN_STRICT_PROTOTYPES = YES;
				CLANG_WARN_SUSPICIOUS_MOVE = YES;
				CLANG_WARN_UNGUARDED_AVAILABILITY = YES_AGGRESSIVE;
				CLANG_WARN_UNREACHABLE_CODE = YES;
				CLANG_WARN__DUPLICATE_METHOD_MATCH = YES;
				COPY_PHASE_STRIP = NO;
				DEBUG_INFORMATION_FORMAT = "dwarf-with-dsym";
				ENABLE_NS_ASSERTIONS = NO;
				ENABLE_STRICT_OBJC_MSGSEND = YES;
				GCC_C_LANGUAGE_STANDARD = gnu11;
				GCC_NO_COMMON_BLOCKS = YES;
				GCC_WARN_64_TO_32_BIT_CONVERSION = YES;
				GCC_WARN_ABOUT_RETURN_TYPE = YES_ERROR;
				GCC_WARN_UNDECLARED_SELECTOR = YES;
				GCC_WARN_UNINITIALIZED_AUTOS = YES_AGGRESSIVE;
				GCC_WARN_UNUSED_FUNCTION = YES;
				GCC_WARN_UNUSED_VARIABLE = YES;
				IPHONEOS_DEPLOYMENT_TARGET = 15.2;
				MTL_ENABLE_DEBUG_INFO = NO;
				MTL_FAST_MATH = YES;
				SDKROOT = iphoneos;
				SWIFT_COMPILATION_MODE = wholemodule;
				SWIFT_OPTIMIZATION_LEVEL = "-O";
				VALIDATE_PRODUCT = YES;
			};
			name = Release;
		};
		040E00272827E8F800524A57 /* Debug */ = {
			isa = XCBuildConfiguration;
			buildSettings = {
				ASSETCATALOG_COMPILER_APPICON_NAME = AppIcon;
				ASSETCATALOG_COMPILER_GLOBAL_ACCENT_COLOR_NAME = AccentColor;
				CODE_SIGN_STYLE = Automatic;
				CURRENT_PROJECT_VERSION = 1;
				DEVELOPMENT_ASSET_PATHS = "\"Floo/Preview Content\"";
				ENABLE_PREVIEWS = YES;
				GENERATE_INFOPLIST_FILE = YES;
				INFOPLIST_FILE = Floo/Info.plist;
				INFOPLIST_KEY_UIApplicationSceneManifest_Generation = YES;
				INFOPLIST_KEY_UIApplicationSupportsIndirectInputEvents = YES;
				INFOPLIST_KEY_UILaunchScreen_Generation = YES;
				INFOPLIST_KEY_UISupportedInterfaceOrientations_iPad = "UIInterfaceOrientationPortrait UIInterfaceOrientationPortraitUpsideDown UIInterfaceOrientationLandscapeLeft UIInterfaceOrientationLandscapeRight";
				INFOPLIST_KEY_UISupportedInterfaceOrientations_iPhone = "UIInterfaceOrientationPortrait UIInterfaceOrientationLandscapeLeft UIInterfaceOrientationLandscapeRight";
				LD_RUNPATH_SEARCH_PATHS = (
					"$(inherited)",
					"@executable_path/Frameworks",
				);
				MARKETING_VERSION = 1.0;
				PRODUCT_BUNDLE_IDENTIFIER = com.uc.Floo;
				PRODUCT_NAME = "$(TARGET_NAME)";
				SWIFT_EMIT_LOC_STRINGS = YES;
				SWIFT_VERSION = 5.0;
				TARGETED_DEVICE_FAMILY = 1;
			};
			name = Debug;
		};
		040E00282827E8F800524A57 /* Release */ = {
			isa = XCBuildConfiguration;
			buildSettings = {
				ASSETCATALOG_COMPILER_APPICON_NAME = AppIcon;
				ASSETCATALOG_COMPILER_GLOBAL_ACCENT_COLOR_NAME = AccentColor;
				CODE_SIGN_STYLE = Automatic;
				CURRENT_PROJECT_VERSION = 1;
				DEVELOPMENT_ASSET_PATHS = "\"Floo/Preview Content\"";
				ENABLE_PREVIEWS = YES;
				GENERATE_INFOPLIST_FILE = YES;
				INFOPLIST_FILE = Floo/Info.plist;
				INFOPLIST_KEY_UIApplicationSceneManifest_Generation = YES;
				INFOPLIST_KEY_UIApplicationSupportsIndirectInputEvents = YES;
				INFOPLIST_KEY_UILaunchScreen_Generation = YES;
				INFOPLIST_KEY_UISupportedInterfaceOrientations_iPad = "UIInterfaceOrientationPortrait UIInterfaceOrientationPortraitUpsideDown UIInterfaceOrientationLandscapeLeft UIInterfaceOrientationLandscapeRight";
				INFOPLIST_KEY_UISupportedInterfaceOrientations_iPhone = "UIInterfaceOrientationPortrait UIInterfaceOrientationLandscapeLeft UIInterfaceOrientationLandscapeRight";
				LD_RUNPATH_SEARCH_PATHS = (
					"$(inherited)",
					"@executable_path/Frameworks",
				);
				MARKETING_VERSION = 1.0;
				PRODUCT_BUNDLE_IDENTIFIER = com.uc.Floo;
				PRODUCT_NAME = "$(TARGET_NAME)";
				SWIFT_EMIT_LOC_STRINGS = YES;
				SWIFT_VERSION = 5.0;
				TARGETED_DEVICE_FAMILY = 1;
			};
			name = Release;
		};
/* End XCBuildConfiguration section */

/* Begin XCConfigurationList section */
		040E00132827E8F600524A57 /* Build configuration list for PBXProject "Floo" */ = {
			isa = XCConfigurationList;
			buildConfigurations = (
				040E00242827E8F800524A57 /* Debug */,
				040E00252827E8F800524A57 /* Release */,
			);
			defaultConfigurationIsVisible = 0;
			defaultConfigurationName = Release;
		};
		040E00262827E8F800524A57 /* Build configuration list for PBXNativeTarget "Floo" */ = {
			isa = XCConfigurationList;
			buildConfigurations = (
				040E00272827E8F800524A57 /* Debug */,
				040E00282827E8F800524A57 /* Release */,
			);
			defaultConfigurationIsVisible = 0;
			defaultConfigurationName = Release;
		};
/* End XCConfigurationList section */
	};
	rootObject = 040E00102827E8F600524A57 /* Project object */;
}
